
Microsoft Visual Studio Solution File, Format Version 12.00
# Visual Studio Version 17
VisualStudioVersion = 17.4.33110.190
MinimumVisualStudioVersion = 10.0.40219.1
Project("{9A19103F-16F7-4668-BE54-9A1E7A4F7556}") = "redditpoller.api", "redditpoller.api\redditpoller.api.csproj", "{DD45CA6A-3C34-4AC6-A8D0-F082811B3ED5}"
EndProject
Project("{9A19103F-16F7-4668-BE54-9A1E7A4F7556}") = "redditpoller.application", "redditpoller.application\redditpoller.application.csproj", "{AAE722AE-C4A6-432B-BCB7-AB32E73EB174}"
EndProject
Project("{9A19103F-16F7-4668-BE54-9A1E7A4F7556}") = "redditpoller.unit", "redditpoller.unit\redditpoller.unit.csproj", "{D27F7603-DFEF-4567-9E43-BD037A68A6A2}"
EndProject
Project("{2150E333-8FDC-42A3-9474-1A3956D46DE8}") = "Solution Items", "Solution Items", "{D5CB3991-CD33-42F7-9183-6C87BD619F84}"
	ProjectSection(SolutionItems) = preProject
		.editorconfig = .editorconfig
	EndProjectSection
EndProject
Global
	GlobalSection(SolutionConfigurationPlatforms) = preSolution
		Debug|Any CPU = Debug|Any CPU
		Release|Any CPU = Release|Any CPU
	EndGlobalSection
	GlobalSection(ProjectConfigurationPlatforms) = postSolution
		{DD45CA6A-3C34-4AC6-A8D0-F082811B3ED5}.Debug|Any CPU.ActiveCfg = Debug|Any CPU
		{DD45CA6A-3C34-4AC6-A8D0-F082811B3ED5}.Debug|Any CPU.Build.0 = Debug|Any CPU
		{DD45CA6A-3C34-4AC6-A8D0-F082811B3ED5}.Release|Any CPU.ActiveCfg = Release|Any CPU
		{DD45CA6A-3C34-4AC6-A8D0-F082811B3ED5}.Release|Any CPU.Build.0 = Release|Any CPU
		{AAE722AE-C4A6-432B-BCB7-AB32E73EB174}.Debug|Any CPU.ActiveCfg = Debug|Any CPU
		{AAE722AE-C4A6-432B-BCB7-AB32E73EB174}.Debug|Any CPU.Build.0 = Debug|Any CPU
		{AAE722AE-C4A6-432B-BCB7-AB32E73EB174}.Release|Any CPU.ActiveCfg = Release|Any CPU
		{AAE722AE-C4A6-432B-BCB7-AB32E73EB174}.Release|Any CPU.Build.0 = Release|Any CPU
		{D27F7603-DFEF-4567-9E43-BD037A68A6A2}.Debug|Any CPU.ActiveCfg = Debug|Any CPU
		{D27F7603-DFEF-4567-9E43-BD037A68A6A2}.Debug|Any CPU.Build.0 = Debug|Any CPU
		{D27F7603-DFEF-4567-9E43-BD037A68A6A2}.Release|Any CPU.ActiveCfg = Release|Any CPU
		{D27F7603-DFEF-4567-9E43-BD037A68A6A2}.Release|Any CPU.Build.0 = Release|Any CPU
	EndGlobalSection
	GlobalSection(SolutionProperties) = preSolution
		HideSolutionNode = FALSE
	EndGlobalSection
	GlobalSection(ExtensibilityGlobals) = postSolution
		SolutionGuid = {EA9535E8-22D8-499F-8A65-534B427161EF}
	EndGlobalSection
EndGlobal
